
Microsoft Visual Studio Solution File, Format Version 12.00
# Visual Studio Version 16
VisualStudioVersion = 16.0.29306.81
MinimumVisualStudioVersion = 10.0.40219.1
Project("{9A19103F-16F7-4668-BE54-9A1E7A4F7556}") = "Pluralsight_OdeToFood", "Pluralsight_OdeToFood.csproj", "{89A15ACC-E195-4D64-90E1-E081CFB2AD57}"
EndProject
Project("{FAE04EC0-301F-11D3-BF4B-00C04F79EFBC}") = "Pluralsight_OdeToFood.Core", "..\Pluralsight_OdeToFood.Core\Pluralsight_OdeToFood.Core.csproj", "{4F2EDB41-CBEA-4DD7-B1E3-595AAC57C895}"
EndProject
Project("{FAE04EC0-301F-11D3-BF4B-00C04F79EFBC}") = "Pluralsight_OdeToFood.Data", "..\Pluralsight_OdeToFood.Data\Pluralsight_OdeToFood.Data.csproj", "{976F87FD-23BF-47E4-866F-F2D126F78591}"
EndProject
Global
	GlobalSection(SolutionConfigurationPlatforms) = preSolution
		Debug|Any CPU = Debug|Any CPU
		Release|Any CPU = Release|Any CPU
	EndGlobalSection
	GlobalSection(ProjectConfigurationPlatforms) = postSolution
		{89A15ACC-E195-4D64-90E1-E081CFB2AD57}.Debug|Any CPU.ActiveCfg = Debug|Any CPU
		{89A15ACC-E195-4D64-90E1-E081CFB2AD57}.Debug|Any CPU.Build.0 = Debug|Any CPU
		{89A15ACC-E195-4D64-90E1-E081CFB2AD57}.Release|Any CPU.ActiveCfg = Release|Any CPU
		{89A15ACC-E195-4D64-90E1-E081CFB2AD57}.Release|Any CPU.Build.0 = Release|Any CPU
		{4F2EDB41-CBEA-4DD7-B1E3-595AAC57C895}.Debug|Any CPU.ActiveCfg = Debug|Any CPU
		{4F2EDB41-CBEA-4DD7-B1E3-595AAC57C895}.Debug|Any CPU.Build.0 = Debug|Any CPU
		{4F2EDB41-CBEA-4DD7-B1E3-595AAC57C895}.Release|Any CPU.ActiveCfg = Release|Any CPU
		{4F2EDB41-CBEA-4DD7-B1E3-595AAC57C895}.Release|Any CPU.Build.0 = Release|Any CPU
		{976F87FD-23BF-47E4-866F-F2D126F78591}.Debug|Any CPU.ActiveCfg = Debug|Any CPU
		{976F87FD-23BF-47E4-866F-F2D126F78591}.Debug|Any CPU.Build.0 = Debug|Any CPU
		{976F87FD-23BF-47E4-866F-F2D126F78591}.Release|Any CPU.ActiveCfg = Release|Any CPU
		{976F87FD-23BF-47E4-866F-F2D126F78591}.Release|Any CPU.Build.0 = Release|Any CPU
	EndGlobalSection
	GlobalSection(SolutionProperties) = preSolution
		HideSolutionNode = FALSE
	EndGlobalSection
	GlobalSection(ExtensibilityGlobals) = postSolution
		SolutionGuid = {DCB2BB59-0AED-4199-97CF-E157063A8C68}
	EndGlobalSection
EndGlobal
